# This file is automatically @generated by Cargo.
# It is not intended for manual editing.
version = 3

[[package]]
name = "device-api"
version = "0.1.0"

[[package]]
name = "device-toy"
version = "0.1.0"
dependencies = [
 "device-api",
]

[[package]]
name = "ndarray"
version = "0.1.0"
dependencies = [
 "device-api",
 "device-toy",
]
